<Solution>
  <Folder Name="/Documentation/" />
  <Folder Name="/Documentation/ADRs/">
    <File Path="Documentation/ADRs/ADR-001 - Adopt CQRS with DynamoDb and OpenSearch.md" />
    <File Path="Documentation/ADRs/ADR-002 - Host API on Kubernetes.md" />
    <File Path="Documentation/ADRs/ADR-003 - Event-Driven Projection Strategy.md" />
    <File Path="Documentation/ADRs/ADR-004 - Immutable Audit History.md" />
  </Folder>
  <Folder Name="/Documentation/Architecture/">
    <File Path="Documentation/Architecture/TruckVisit_Runtime_Architecture.drawio" />
  </Folder>
  <Folder Name="/Documentation/ProjectDocumentation/">
    <File Path="Documentation/ProjectDocumentation/bounded-context-definition.md" />
    <File Path="Documentation/ProjectDocumentation/domain-vision.md" />
    <File Path="Documentation/ProjectDocumentation/TruckVisitManagement.png" />
    <File Path="Documentation/ProjectDocumentation/ubiquitous-language.md" />
    <File Path="README.md" />
  </Folder>
  <Project Path="TruckVisitManagement.Api.Tests/TruckVisitManagement.Api.Tests.csproj" />
  <Project Path="TruckVisitManagement.Api/TruckVisitManagement.Api.csproj" />
  <Project Path="TruckVisitManagement.Application.Commands/TruckVisitManagement.Application.Commands.csproj" />
  <Project Path="TruckVisitManagement.Application.Queries/TruckVisitManagement.Application.Queries.csproj" />
  <Project Path="TruckVisitManagement.Domain/TruckVisitManagement.Domain.csproj" />
  <Project Path="TruckVisitManagement.Infrastructure/TruckVisitManagement.Infrastructure.csproj" />
</Solution>
